
Microsoft Visual Studio Solution File, Format Version 12.00
# Visual Studio 15
VisualStudioVersion = 15.0.27130.2024
MinimumVisualStudioVersion = 10.0.40219.1
Project("{FAE04EC0-301F-11D3-BF4B-00C04F79EFBC}") = "Wea", "Wea\Wea.csproj", "{B6752A7C-45C1-48D6-A193-9AC3F23DFC71}"
EndProject
Global
	GlobalSection(SolutionConfigurationPlatforms) = preSolution
		Debug|Any CPU = Debug|Any CPU
		Release|Any CPU = Release|Any CPU
	EndGlobalSection
	GlobalSection(ProjectConfigurationPlatforms) = postSolution
		{B6752A7C-45C1-48D6-A193-9AC3F23DFC71}.Debug|Any CPU.ActiveCfg = Debug|Any CPU
		{B6752A7C-45C1-48D6-A193-9AC3F23DFC71}.Debug|Any CPU.Build.0 = Debug|Any CPU
		{B6752A7C-45C1-48D6-A193-9AC3F23DFC71}.Release|Any CPU.ActiveCfg = Release|Any CPU
		{B6752A7C-45C1-48D6-A193-9AC3F23DFC71}.Release|Any CPU.Build.0 = Release|Any CPU
	EndGlobalSection
	GlobalSection(SolutionProperties) = preSolution
		HideSolutionNode = FALSE
	EndGlobalSection
	GlobalSection(ExtensibilityGlobals) = postSolution
		SolutionGuid = {2C294F17-3A81-4955-9A5F-44A6065C7C8D}
	EndGlobalSection
EndGlobal
